
Microsoft Visual Studio Solution File, Format Version 12.00
# Visual Studio Version 16
VisualStudioVersion = 16.0.29519.87
MinimumVisualStudioVersion = 10.0.40219.1
Project("{FAE04EC0-301F-11D3-BF4B-00C04F79EFBC}") = "IFRS9_ECL", "IFRS9_ECL\IFRS9_ECL.csproj", "{0AF1A298-0248-4A8C-9612-C8F5194FEF5B}"
EndProject
Project("{FAE04EC0-301F-11D3-BF4B-00C04F79EFBC}") = "IFRS9_ECL.Core", "IFRS9_ECL.Core\IFRS9_ECL.Core.csproj", "{D403EC2B-8541-479B-A384-F7524441F654}"
EndProject
Project("{FAE04EC0-301F-11D3-BF4B-00C04F79EFBC}") = "IFRS9_ECL.Data", "IFRS9_ECL.Data\IFRS9_ECL.Data.csproj", "{BEA275C3-7BDD-4857-B51C-3E25822E27A1}"
EndProject
Project("{FAE04EC0-301F-11D3-BF4B-00C04F79EFBC}") = "IFRS9_ECL.Util", "IFRS9_ECL.Util\IFRS9_ECL.Util.csproj", "{8435EE6B-A9B5-4F93-B846-ACDCABF2CE4C}"
EndProject
Project("{FAE04EC0-301F-11D3-BF4B-00C04F79EFBC}") = "IFRS9_ECL.Models", "IFRS9_ECL.Models\IFRS9_ECL.Models.csproj", "{5C167674-9B0A-49BA-B815-6D27702E92BE}"
EndProject
Project("{FAE04EC0-301F-11D3-BF4B-00C04F79EFBC}") = "IFRS_Test1", "IFRS_Test1\IFRS_Test1.csproj", "{BF7A7324-055C-4FCA-B365-3E5E2B6AEA25}"
EndProject
Project("{FAE04EC0-301F-11D3-BF4B-00C04F79EFBC}") = "Ecobank.IFRS9.ECL.Service1", "Ecobank.IFRS9.ECL.Service1\Ecobank.IFRS9.ECL.Service1.csproj", "{289295A0-623F-4603-B846-E2044A7C330D}"
EndProject
Project("{FAE04EC0-301F-11D3-BF4B-00C04F79EFBC}") = "Ecobank.IFRS9.ECL.Service2", "Ecobank.IFRS9.ECL.Service2\Ecobank.IFRS9.ECL.Service2.csproj", "{DDA73D89-031D-4D84-8F7A-2FB868AB7A8C}"
EndProject
Project("{FAE04EC0-301F-11D3-BF4B-00C04F79EFBC}") = "Ecobank.IFRS9.ECL.Service3", "Ecobank.IFRS9.ECL.Service3\Ecobank.IFRS9.ECL.Service3.csproj", "{B39EC6D0-F997-442F-963A-640F366E0607}"
EndProject
Project("{FAE04EC0-301F-11D3-BF4B-00C04F79EFBC}") = "Ecobank.IFRS9.ECL.Service4", "Ecobank.IFRS9.ECL.Service4\Ecobank.IFRS9.ECL.Service4.csproj", "{2839689A-C523-4A92-9635-E1D58531324D}"
EndProject
Project("{FAE04EC0-301F-11D3-BF4B-00C04F79EFBC}") = "Ecobank.IFRS9.ECL.Service5", "Ecobank.IFRS9.ECL.Service5\Ecobank.IFRS9.ECL.Service5.csproj", "{8E55AD15-30E6-40A3-855C-7F18AB84D8D7}"
EndProject
Project("{FAE04EC0-301F-11D3-BF4B-00C04F79EFBC}") = "Ecobank.IFRS9.ECL.Service6", "Ecobank.IFRS9.ECL.Service6\Ecobank.IFRS9.ECL.Service6.csproj", "{10C20D11-CB8E-4F45-B918-63B8DA78E01A}"
EndProject
Project("{FAE04EC0-301F-11D3-BF4B-00C04F79EFBC}") = "Ecobank.IFRS9.ECL.Service7", "Ecobank.IFRS9.ECL.Service7\Ecobank.IFRS9.ECL.Service7.csproj", "{CF4274D6-2CBC-4798-A4A5-E60EA1B292D9}"
EndProject
Project("{FAE04EC0-301F-11D3-BF4B-00C04F79EFBC}") = "Ecobank.IFRS9.ECL.Service8", "Ecobank.IFRS9.ECL.Service8\Ecobank.IFRS9.ECL.Service8.csproj", "{FDA5D978-B4CF-4C1E-B329-07DA934F488D}"
EndProject
Project("{FAE04EC0-301F-11D3-BF4B-00C04F79EFBC}") = "Ecobank.IFRS9.ECL.Service9", "Ecobank.IFRS9.ECL.Service9\Ecobank.IFRS9.ECL.Service9.csproj", "{AF5F3F24-7626-4DB0-A7AE-ED2A12898EF8}"
EndProject
Project("{FAE04EC0-301F-11D3-BF4B-00C04F79EFBC}") = "Ecobank.IFRS9.ECL.Service10", "Ecobank.IFRS9.ECL.Service10\Ecobank.IFRS9.ECL.Service10.csproj", "{C256CF9A-F26E-486C-8EB1-8DF89B2BDC3B}"
EndProject
Project("{2150E333-8FDC-42A3-9474-1A3956D46DE8}") = "Services", "Services", "{639A1443-5D7F-4494-9636-5EAE5F0A903C}"
EndProject
Project("{FAE04EC0-301F-11D3-BF4B-00C04F79EFBC}") = "Ecobank.IFRS9.ECL.Service11", "Ecobank.IFRS9.ECL.Service11\Ecobank.IFRS9.ECL.Service11.csproj", "{667AF47B-C870-4442-970C-8922BE19C5C5}"
EndProject
Project("{FAE04EC0-301F-11D3-BF4B-00C04F79EFBC}") = "Ecobank.IFRS9.ECL.Service12", "Ecobank.IFRS9.ECL.Service12\Ecobank.IFRS9.ECL.Service12.csproj", "{6450A873-24A8-4F73-AD18-3744813927E3}"
EndProject
Project("{FAE04EC0-301F-11D3-BF4B-00C04F79EFBC}") = "Ecobank.IFRS9.ECL.Service13", "Ecobank.IFRS9.ECL.Service13\Ecobank.IFRS9.ECL.Service13.csproj", "{FADF41C1-2E47-4F88-8823-7E68CBB85D57}"
EndProject
Project("{FAE04EC0-301F-11D3-BF4B-00C04F79EFBC}") = "Ecobank.IFRS9.ECL.Service14", "Ecobank.IFRS9.ECL.Service14\Ecobank.IFRS9.ECL.Service14.csproj", "{D6483F29-FC6A-4887-B063-CF6D554F5D9F}"
EndProject
Project("{FAE04EC0-301F-11D3-BF4B-00C04F79EFBC}") = "Ecobank.IFRS9.ECL.Service15", "Ecobank.IFRS9.ECL.Service15\Ecobank.IFRS9.ECL.Service15.csproj", "{195F490C-F339-420E-9492-6294DF00C295}"
EndProject
Project("{FAE04EC0-301F-11D3-BF4B-00C04F79EFBC}") = "Ecobank.IFRS9.ECL.ServiceWatcher", "Ecobank.IFRS9.ECL.ServiceWatcher\Ecobank.IFRS9.ECL.ServiceWatcher.csproj", "{CF43863F-19A6-4C36-B17E-5B46A48358F8}"
EndProject
Project("{FAE04EC0-301F-11D3-BF4B-00C04F79EFBC}") = "IFRS9_EADModelProcessor", "IFRS9_EADModelProcessor\IFRS9_EADModelProcessor.csproj", "{6CADBFD4-32B3-4E00-A39F-D1DA68AFEFBE}"
EndProject
Project("{FAE04EC0-301F-11D3-BF4B-00C04F79EFBC}") = "IFRS9_LGDModelProcessor", "IFRS9_LGDModelProcessor\IFRS9_LGDModelProcessor.csproj", "{37E0E98A-6722-401A-8281-4FA54A75ACBE}"
EndProject
Project("{FAE04EC0-301F-11D3-BF4B-00C04F79EFBC}") = "IFRS9_PDModelProcessor", "IFRS9_PDModelProcessor\IFRS9_PDModelProcessor.csproj", "{80970FF3-E1E0-413C-9E01-B22842C302DA}"
EndProject
Project("{FAE04EC0-301F-11D3-BF4B-00C04F79EFBC}") = "IFRS9_FrameworkModelProcessor", "IFRS9_FrameworkModelProcessor\IFRS9_FrameworkModelProcessor.csproj", "{C889FAD5-62B1-4F7A-9E10-8B576C7408DC}"
EndProject
Global
	GlobalSection(SolutionConfigurationPlatforms) = preSolution
		Debug|Any CPU = Debug|Any CPU
		Release|Any CPU = Release|Any CPU
	EndGlobalSection
	GlobalSection(ProjectConfigurationPlatforms) = postSolution
		{0AF1A298-0248-4A8C-9612-C8F5194FEF5B}.Debug|Any CPU.ActiveCfg = Debug|Any CPU
		{0AF1A298-0248-4A8C-9612-C8F5194FEF5B}.Debug|Any CPU.Build.0 = Debug|Any CPU
		{0AF1A298-0248-4A8C-9612-C8F5194FEF5B}.Release|Any CPU.ActiveCfg = Release|Any CPU
		{0AF1A298-0248-4A8C-9612-C8F5194FEF5B}.Release|Any CPU.Build.0 = Release|Any CPU
		{D403EC2B-8541-479B-A384-F7524441F654}.Debug|Any CPU.ActiveCfg = Debug|Any CPU
		{D403EC2B-8541-479B-A384-F7524441F654}.Debug|Any CPU.Build.0 = Debug|Any CPU
		{D403EC2B-8541-479B-A384-F7524441F654}.Release|Any CPU.ActiveCfg = Release|Any CPU
		{D403EC2B-8541-479B-A384-F7524441F654}.Release|Any CPU.Build.0 = Release|Any CPU
		{BEA275C3-7BDD-4857-B51C-3E25822E27A1}.Debug|Any CPU.ActiveCfg = Debug|Any CPU
		{BEA275C3-7BDD-4857-B51C-3E25822E27A1}.Debug|Any CPU.Build.0 = Debug|Any CPU
		{BEA275C3-7BDD-4857-B51C-3E25822E27A1}.Release|Any CPU.ActiveCfg = Release|Any CPU
		{BEA275C3-7BDD-4857-B51C-3E25822E27A1}.Release|Any CPU.Build.0 = Release|Any CPU
		{8435EE6B-A9B5-4F93-B846-ACDCABF2CE4C}.Debug|Any CPU.ActiveCfg = Debug|Any CPU
		{8435EE6B-A9B5-4F93-B846-ACDCABF2CE4C}.Debug|Any CPU.Build.0 = Debug|Any CPU
		{8435EE6B-A9B5-4F93-B846-ACDCABF2CE4C}.Release|Any CPU.ActiveCfg = Release|Any CPU
		{8435EE6B-A9B5-4F93-B846-ACDCABF2CE4C}.Release|Any CPU.Build.0 = Release|Any CPU
		{5C167674-9B0A-49BA-B815-6D27702E92BE}.Debug|Any CPU.ActiveCfg = Debug|Any CPU
		{5C167674-9B0A-49BA-B815-6D27702E92BE}.Debug|Any CPU.Build.0 = Debug|Any CPU
		{5C167674-9B0A-49BA-B815-6D27702E92BE}.Release|Any CPU.ActiveCfg = Release|Any CPU
		{5C167674-9B0A-49BA-B815-6D27702E92BE}.Release|Any CPU.Build.0 = Release|Any CPU
		{BF7A7324-055C-4FCA-B365-3E5E2B6AEA25}.Debug|Any CPU.ActiveCfg = Debug|Any CPU
		{BF7A7324-055C-4FCA-B365-3E5E2B6AEA25}.Debug|Any CPU.Build.0 = Debug|Any CPU
		{BF7A7324-055C-4FCA-B365-3E5E2B6AEA25}.Release|Any CPU.ActiveCfg = Release|Any CPU
		{BF7A7324-055C-4FCA-B365-3E5E2B6AEA25}.Release|Any CPU.Build.0 = Release|Any CPU
		{289295A0-623F-4603-B846-E2044A7C330D}.Debug|Any CPU.ActiveCfg = Debug|Any CPU
		{289295A0-623F-4603-B846-E2044A7C330D}.Debug|Any CPU.Build.0 = Debug|Any CPU
		{289295A0-623F-4603-B846-E2044A7C330D}.Release|Any CPU.ActiveCfg = Release|Any CPU
		{289295A0-623F-4603-B846-E2044A7C330D}.Release|Any CPU.Build.0 = Release|Any CPU
		{DDA73D89-031D-4D84-8F7A-2FB868AB7A8C}.Debug|Any CPU.ActiveCfg = Debug|Any CPU
		{DDA73D89-031D-4D84-8F7A-2FB868AB7A8C}.Debug|Any CPU.Build.0 = Debug|Any CPU
		{DDA73D89-031D-4D84-8F7A-2FB868AB7A8C}.Release|Any CPU.ActiveCfg = Release|Any CPU
		{DDA73D89-031D-4D84-8F7A-2FB868AB7A8C}.Release|Any CPU.Build.0 = Release|Any CPU
		{B39EC6D0-F997-442F-963A-640F366E0607}.Debug|Any CPU.ActiveCfg = Debug|Any CPU
		{B39EC6D0-F997-442F-963A-640F366E0607}.Debug|Any CPU.Build.0 = Debug|Any CPU
		{B39EC6D0-F997-442F-963A-640F366E0607}.Release|Any CPU.ActiveCfg = Release|Any CPU
		{B39EC6D0-F997-442F-963A-640F366E0607}.Release|Any CPU.Build.0 = Release|Any CPU
		{2839689A-C523-4A92-9635-E1D58531324D}.Debug|Any CPU.ActiveCfg = Debug|Any CPU
		{2839689A-C523-4A92-9635-E1D58531324D}.Debug|Any CPU.Build.0 = Debug|Any CPU
		{2839689A-C523-4A92-9635-E1D58531324D}.Release|Any CPU.ActiveCfg = Release|Any CPU
		{2839689A-C523-4A92-9635-E1D58531324D}.Release|Any CPU.Build.0 = Release|Any CPU
		{8E55AD15-30E6-40A3-855C-7F18AB84D8D7}.Debug|Any CPU.ActiveCfg = Debug|Any CPU
		{8E55AD15-30E6-40A3-855C-7F18AB84D8D7}.Debug|Any CPU.Build.0 = Debug|Any CPU
		{8E55AD15-30E6-40A3-855C-7F18AB84D8D7}.Release|Any CPU.ActiveCfg = Release|Any CPU
		{8E55AD15-30E6-40A3-855C-7F18AB84D8D7}.Release|Any CPU.Build.0 = Release|Any CPU
		{10C20D11-CB8E-4F45-B918-63B8DA78E01A}.Debug|Any CPU.ActiveCfg = Debug|Any CPU
		{10C20D11-CB8E-4F45-B918-63B8DA78E01A}.Debug|Any CPU.Build.0 = Debug|Any CPU
		{10C20D11-CB8E-4F45-B918-63B8DA78E01A}.Release|Any CPU.ActiveCfg = Release|Any CPU
		{10C20D11-CB8E-4F45-B918-63B8DA78E01A}.Release|Any CPU.Build.0 = Release|Any CPU
		{CF4274D6-2CBC-4798-A4A5-E60EA1B292D9}.Debug|Any CPU.ActiveCfg = Debug|Any CPU
		{CF4274D6-2CBC-4798-A4A5-E60EA1B292D9}.Debug|Any CPU.Build.0 = Debug|Any CPU
		{CF4274D6-2CBC-4798-A4A5-E60EA1B292D9}.Release|Any CPU.ActiveCfg = Release|Any CPU
		{CF4274D6-2CBC-4798-A4A5-E60EA1B292D9}.Release|Any CPU.Build.0 = Release|Any CPU
		{FDA5D978-B4CF-4C1E-B329-07DA934F488D}.Debug|Any CPU.ActiveCfg = Debug|Any CPU
		{FDA5D978-B4CF-4C1E-B329-07DA934F488D}.Debug|Any CPU.Build.0 = Debug|Any CPU
		{FDA5D978-B4CF-4C1E-B329-07DA934F488D}.Release|Any CPU.ActiveCfg = Release|Any CPU
		{FDA5D978-B4CF-4C1E-B329-07DA934F488D}.Release|Any CPU.Build.0 = Release|Any CPU
		{AF5F3F24-7626-4DB0-A7AE-ED2A12898EF8}.Debug|Any CPU.ActiveCfg = Debug|Any CPU
		{AF5F3F24-7626-4DB0-A7AE-ED2A12898EF8}.Debug|Any CPU.Build.0 = Debug|Any CPU
		{AF5F3F24-7626-4DB0-A7AE-ED2A12898EF8}.Release|Any CPU.ActiveCfg = Release|Any CPU
		{AF5F3F24-7626-4DB0-A7AE-ED2A12898EF8}.Release|Any CPU.Build.0 = Release|Any CPU
		{C256CF9A-F26E-486C-8EB1-8DF89B2BDC3B}.Debug|Any CPU.ActiveCfg = Debug|Any CPU
		{C256CF9A-F26E-486C-8EB1-8DF89B2BDC3B}.Debug|Any CPU.Build.0 = Debug|Any CPU
		{C256CF9A-F26E-486C-8EB1-8DF89B2BDC3B}.Release|Any CPU.ActiveCfg = Release|Any CPU
		{C256CF9A-F26E-486C-8EB1-8DF89B2BDC3B}.Release|Any CPU.Build.0 = Release|Any CPU
		{667AF47B-C870-4442-970C-8922BE19C5C5}.Debug|Any CPU.ActiveCfg = Debug|Any CPU
		{667AF47B-C870-4442-970C-8922BE19C5C5}.Debug|Any CPU.Build.0 = Debug|Any CPU
		{667AF47B-C870-4442-970C-8922BE19C5C5}.Release|Any CPU.ActiveCfg = Release|Any CPU
		{667AF47B-C870-4442-970C-8922BE19C5C5}.Release|Any CPU.Build.0 = Release|Any CPU
		{6450A873-24A8-4F73-AD18-3744813927E3}.Debug|Any CPU.ActiveCfg = Debug|Any CPU
		{6450A873-24A8-4F73-AD18-3744813927E3}.Debug|Any CPU.Build.0 = Debug|Any CPU
		{6450A873-24A8-4F73-AD18-3744813927E3}.Release|Any CPU.ActiveCfg = Release|Any CPU
		{6450A873-24A8-4F73-AD18-3744813927E3}.Release|Any CPU.Build.0 = Release|Any CPU
		{FADF41C1-2E47-4F88-8823-7E68CBB85D57}.Debug|Any CPU.ActiveCfg = Debug|Any CPU
		{FADF41C1-2E47-4F88-8823-7E68CBB85D57}.Debug|Any CPU.Build.0 = Debug|Any CPU
		{FADF41C1-2E47-4F88-8823-7E68CBB85D57}.Release|Any CPU.ActiveCfg = Release|Any CPU
		{FADF41C1-2E47-4F88-8823-7E68CBB85D57}.Release|Any CPU.Build.0 = Release|Any CPU
		{D6483F29-FC6A-4887-B063-CF6D554F5D9F}.Debug|Any CPU.ActiveCfg = Debug|Any CPU
		{D6483F29-FC6A-4887-B063-CF6D554F5D9F}.Debug|Any CPU.Build.0 = Debug|Any CPU
		{D6483F29-FC6A-4887-B063-CF6D554F5D9F}.Release|Any CPU.ActiveCfg = Release|Any CPU
		{D6483F29-FC6A-4887-B063-CF6D554F5D9F}.Release|Any CPU.Build.0 = Release|Any CPU
		{195F490C-F339-420E-9492-6294DF00C295}.Debug|Any CPU.ActiveCfg = Debug|Any CPU
		{195F490C-F339-420E-9492-6294DF00C295}.Debug|Any CPU.Build.0 = Debug|Any CPU
		{195F490C-F339-420E-9492-6294DF00C295}.Release|Any CPU.ActiveCfg = Release|Any CPU
		{195F490C-F339-420E-9492-6294DF00C295}.Release|Any CPU.Build.0 = Release|Any CPU
		{CF43863F-19A6-4C36-B17E-5B46A48358F8}.Debug|Any CPU.ActiveCfg = Debug|Any CPU
		{CF43863F-19A6-4C36-B17E-5B46A48358F8}.Debug|Any CPU.Build.0 = Debug|Any CPU
		{CF43863F-19A6-4C36-B17E-5B46A48358F8}.Release|Any CPU.ActiveCfg = Release|Any CPU
		{CF43863F-19A6-4C36-B17E-5B46A48358F8}.Release|Any CPU.Build.0 = Release|Any CPU
		{6CADBFD4-32B3-4E00-A39F-D1DA68AFEFBE}.Debug|Any CPU.ActiveCfg = Debug|Any CPU
		{6CADBFD4-32B3-4E00-A39F-D1DA68AFEFBE}.Debug|Any CPU.Build.0 = Debug|Any CPU
		{6CADBFD4-32B3-4E00-A39F-D1DA68AFEFBE}.Release|Any CPU.ActiveCfg = Release|Any CPU
		{6CADBFD4-32B3-4E00-A39F-D1DA68AFEFBE}.Release|Any CPU.Build.0 = Release|Any CPU
		{37E0E98A-6722-401A-8281-4FA54A75ACBE}.Debug|Any CPU.ActiveCfg = Debug|Any CPU
		{37E0E98A-6722-401A-8281-4FA54A75ACBE}.Debug|Any CPU.Build.0 = Debug|Any CPU
		{37E0E98A-6722-401A-8281-4FA54A75ACBE}.Release|Any CPU.ActiveCfg = Release|Any CPU
		{37E0E98A-6722-401A-8281-4FA54A75ACBE}.Release|Any CPU.Build.0 = Release|Any CPU
		{80970FF3-E1E0-413C-9E01-B22842C302DA}.Debug|Any CPU.ActiveCfg = Debug|Any CPU
		{80970FF3-E1E0-413C-9E01-B22842C302DA}.Debug|Any CPU.Build.0 = Debug|Any CPU
		{80970FF3-E1E0-413C-9E01-B22842C302DA}.Release|Any CPU.ActiveCfg = Release|Any CPU
		{80970FF3-E1E0-413C-9E01-B22842C302DA}.Release|Any CPU.Build.0 = Release|Any CPU
		{C889FAD5-62B1-4F7A-9E10-8B576C7408DC}.Debug|Any CPU.ActiveCfg = Debug|Any CPU
		{C889FAD5-62B1-4F7A-9E10-8B576C7408DC}.Debug|Any CPU.Build.0 = Debug|Any CPU
		{C889FAD5-62B1-4F7A-9E10-8B576C7408DC}.Release|Any CPU.ActiveCfg = Release|Any CPU
		{C889FAD5-62B1-4F7A-9E10-8B576C7408DC}.Release|Any CPU.Build.0 = Release|Any CPU
	EndGlobalSection
	GlobalSection(SolutionProperties) = preSolution
		HideSolutionNode = FALSE
	EndGlobalSection
	GlobalSection(NestedProjects) = preSolution
		{289295A0-623F-4603-B846-E2044A7C330D} = {639A1443-5D7F-4494-9636-5EAE5F0A903C}
		{DDA73D89-031D-4D84-8F7A-2FB868AB7A8C} = {639A1443-5D7F-4494-9636-5EAE5F0A903C}
		{B39EC6D0-F997-442F-963A-640F366E0607} = {639A1443-5D7F-4494-9636-5EAE5F0A903C}
		{2839689A-C523-4A92-9635-E1D58531324D} = {639A1443-5D7F-4494-9636-5EAE5F0A903C}
		{8E55AD15-30E6-40A3-855C-7F18AB84D8D7} = {639A1443-5D7F-4494-9636-5EAE5F0A903C}
		{10C20D11-CB8E-4F45-B918-63B8DA78E01A} = {639A1443-5D7F-4494-9636-5EAE5F0A903C}
		{CF4274D6-2CBC-4798-A4A5-E60EA1B292D9} = {639A1443-5D7F-4494-9636-5EAE5F0A903C}
		{FDA5D978-B4CF-4C1E-B329-07DA934F488D} = {639A1443-5D7F-4494-9636-5EAE5F0A903C}
		{AF5F3F24-7626-4DB0-A7AE-ED2A12898EF8} = {639A1443-5D7F-4494-9636-5EAE5F0A903C}
		{C256CF9A-F26E-486C-8EB1-8DF89B2BDC3B} = {639A1443-5D7F-4494-9636-5EAE5F0A903C}
		{667AF47B-C870-4442-970C-8922BE19C5C5} = {639A1443-5D7F-4494-9636-5EAE5F0A903C}
		{6450A873-24A8-4F73-AD18-3744813927E3} = {639A1443-5D7F-4494-9636-5EAE5F0A903C}
		{FADF41C1-2E47-4F88-8823-7E68CBB85D57} = {639A1443-5D7F-4494-9636-5EAE5F0A903C}
		{D6483F29-FC6A-4887-B063-CF6D554F5D9F} = {639A1443-5D7F-4494-9636-5EAE5F0A903C}
		{195F490C-F339-420E-9492-6294DF00C295} = {639A1443-5D7F-4494-9636-5EAE5F0A903C}
		{CF43863F-19A6-4C36-B17E-5B46A48358F8} = {639A1443-5D7F-4494-9636-5EAE5F0A903C}
	EndGlobalSection
	GlobalSection(ExtensibilityGlobals) = postSolution
		SolutionGuid = {21928615-9087-45A3-9CEE-EBE621234FE6}
	EndGlobalSection
EndGlobal
