
Microsoft Visual Studio Solution File, Format Version 12.00
# Visual Studio Version 16
VisualStudioVersion = 16.0.29519.87
MinimumVisualStudioVersion = 10.0.40219.1
Project("{FAE04EC0-301F-11D3-BF4B-00C04F79EFBC}") = "IFRS9_ECL", "IFRS9_ECL\IFRS9_ECL.csproj", "{0AF1A298-0248-4A8C-9612-C8F5194FEF5B}"
EndProject
Project("{FAE04EC0-301F-11D3-BF4B-00C04F79EFBC}") = "IFRS9_ECL.Core", "IFRS9_ECL.Core\IFRS9_ECL.Core.csproj", "{D403EC2B-8541-479B-A384-F7524441F654}"
EndProject
Project("{FAE04EC0-301F-11D3-BF4B-00C04F79EFBC}") = "IFRS9_ECL.Data", "IFRS9_ECL.Data\IFRS9_ECL.Data.csproj", "{BEA275C3-7BDD-4857-B51C-3E25822E27A1}"
EndProject
Project("{FAE04EC0-301F-11D3-BF4B-00C04F79EFBC}") = "IFRS9_ECL.Util", "IFRS9_ECL.Util\IFRS9_ECL.Util.csproj", "{8435EE6B-A9B5-4F93-B846-ACDCABF2CE4C}"
EndProject
Project("{FAE04EC0-301F-11D3-BF4B-00C04F79EFBC}") = "IFRS9_ECL.Models", "IFRS9_ECL.Models\IFRS9_ECL.Models.csproj", "{5C167674-9B0A-49BA-B815-6D27702E92BE}"
EndProject
Project("{FAE04EC0-301F-11D3-BF4B-00C04F79EFBC}") = "IFRS_Test1", "IFRS_Test1\IFRS_Test1.csproj", "{BF7A7324-055C-4FCA-B365-3E5E2B6AEA25}"
EndProject
Project("{FAE04EC0-301F-11D3-BF4B-00C04F79EFBC}") = "Ecobank.IFRS9.ECL.Service1", "Ecobank.IFRS9.ECL.Service1\Ecobank.IFRS9.ECL.Service1.csproj", "{289295A0-623F-4603-B846-E2044A7C330D}"
EndProject
Project("{FAE04EC0-301F-11D3-BF4B-00C04F79EFBC}") = "Ecobank.IFRS9.ECL.Service2", "Ecobank.IFRS9.ECL.Service2\Ecobank.IFRS9.ECL.Service2.csproj", "{DDA73D89-031D-4D84-8F7A-2FB868AB7A8C}"
EndProject
Project("{FAE04EC0-301F-11D3-BF4B-00C04F79EFBC}") = "Ecobank.IFRS9.ECL.Service3", "Ecobank.IFRS9.ECL.Service3\Ecobank.IFRS9.ECL.Service3.csproj", "{B39EC6D0-F997-442F-963A-640F366E0607}"
EndProject
Project("{FAE04EC0-301F-11D3-BF4B-00C04F79EFBC}") = "Ecobank.IFRS9.ECL.Service4", "Ecobank.IFRS9.ECL.Service4\Ecobank.IFRS9.ECL.Service4.csproj", "{2839689A-C523-4A92-9635-E1D58531324D}"
EndProject
Project("{FAE04EC0-301F-11D3-BF4B-00C04F79EFBC}") = "Ecobank.IFRS9.ECL.Service5", "Ecobank.IFRS9.ECL.Service5\Ecobank.IFRS9.ECL.Service5.csproj", "{8E55AD15-30E6-40A3-855C-7F18AB84D8D7}"
EndProject
Global
	GlobalSection(SolutionConfigurationPlatforms) = preSolution
		Debug|Any CPU = Debug|Any CPU
		Release|Any CPU = Release|Any CPU
	EndGlobalSection
	GlobalSection(ProjectConfigurationPlatforms) = postSolution
		{0AF1A298-0248-4A8C-9612-C8F5194FEF5B}.Debug|Any CPU.ActiveCfg = Debug|Any CPU
		{0AF1A298-0248-4A8C-9612-C8F5194FEF5B}.Debug|Any CPU.Build.0 = Debug|Any CPU
		{0AF1A298-0248-4A8C-9612-C8F5194FEF5B}.Release|Any CPU.ActiveCfg = Release|Any CPU
		{0AF1A298-0248-4A8C-9612-C8F5194FEF5B}.Release|Any CPU.Build.0 = Release|Any CPU
		{D403EC2B-8541-479B-A384-F7524441F654}.Debug|Any CPU.ActiveCfg = Debug|Any CPU
		{D403EC2B-8541-479B-A384-F7524441F654}.Debug|Any CPU.Build.0 = Debug|Any CPU
		{D403EC2B-8541-479B-A384-F7524441F654}.Release|Any CPU.ActiveCfg = Release|Any CPU
		{D403EC2B-8541-479B-A384-F7524441F654}.Release|Any CPU.Build.0 = Release|Any CPU
		{BEA275C3-7BDD-4857-B51C-3E25822E27A1}.Debug|Any CPU.ActiveCfg = Debug|Any CPU
		{BEA275C3-7BDD-4857-B51C-3E25822E27A1}.Debug|Any CPU.Build.0 = Debug|Any CPU
		{BEA275C3-7BDD-4857-B51C-3E25822E27A1}.Release|Any CPU.ActiveCfg = Release|Any CPU
		{BEA275C3-7BDD-4857-B51C-3E25822E27A1}.Release|Any CPU.Build.0 = Release|Any CPU
		{8435EE6B-A9B5-4F93-B846-ACDCABF2CE4C}.Debug|Any CPU.ActiveCfg = Debug|Any CPU
		{8435EE6B-A9B5-4F93-B846-ACDCABF2CE4C}.Debug|Any CPU.Build.0 = Debug|Any CPU
		{8435EE6B-A9B5-4F93-B846-ACDCABF2CE4C}.Release|Any CPU.ActiveCfg = Release|Any CPU
		{8435EE6B-A9B5-4F93-B846-ACDCABF2CE4C}.Release|Any CPU.Build.0 = Release|Any CPU
		{5C167674-9B0A-49BA-B815-6D27702E92BE}.Debug|Any CPU.ActiveCfg = Debug|Any CPU
		{5C167674-9B0A-49BA-B815-6D27702E92BE}.Debug|Any CPU.Build.0 = Debug|Any CPU
		{5C167674-9B0A-49BA-B815-6D27702E92BE}.Release|Any CPU.ActiveCfg = Release|Any CPU
		{5C167674-9B0A-49BA-B815-6D27702E92BE}.Release|Any CPU.Build.0 = Release|Any CPU
		{BF7A7324-055C-4FCA-B365-3E5E2B6AEA25}.Debug|Any CPU.ActiveCfg = Debug|Any CPU
		{BF7A7324-055C-4FCA-B365-3E5E2B6AEA25}.Debug|Any CPU.Build.0 = Debug|Any CPU
		{BF7A7324-055C-4FCA-B365-3E5E2B6AEA25}.Release|Any CPU.ActiveCfg = Release|Any CPU
		{BF7A7324-055C-4FCA-B365-3E5E2B6AEA25}.Release|Any CPU.Build.0 = Release|Any CPU
		{289295A0-623F-4603-B846-E2044A7C330D}.Debug|Any CPU.ActiveCfg = Debug|Any CPU
		{289295A0-623F-4603-B846-E2044A7C330D}.Debug|Any CPU.Build.0 = Debug|Any CPU
		{289295A0-623F-4603-B846-E2044A7C330D}.Release|Any CPU.ActiveCfg = Release|Any CPU
		{289295A0-623F-4603-B846-E2044A7C330D}.Release|Any CPU.Build.0 = Release|Any CPU
		{DDA73D89-031D-4D84-8F7A-2FB868AB7A8C}.Debug|Any CPU.ActiveCfg = Debug|Any CPU
		{DDA73D89-031D-4D84-8F7A-2FB868AB7A8C}.Debug|Any CPU.Build.0 = Debug|Any CPU
		{DDA73D89-031D-4D84-8F7A-2FB868AB7A8C}.Release|Any CPU.ActiveCfg = Release|Any CPU
		{DDA73D89-031D-4D84-8F7A-2FB868AB7A8C}.Release|Any CPU.Build.0 = Release|Any CPU
		{B39EC6D0-F997-442F-963A-640F366E0607}.Debug|Any CPU.ActiveCfg = Debug|Any CPU
		{B39EC6D0-F997-442F-963A-640F366E0607}.Debug|Any CPU.Build.0 = Debug|Any CPU
		{B39EC6D0-F997-442F-963A-640F366E0607}.Release|Any CPU.ActiveCfg = Release|Any CPU
		{B39EC6D0-F997-442F-963A-640F366E0607}.Release|Any CPU.Build.0 = Release|Any CPU
		{2839689A-C523-4A92-9635-E1D58531324D}.Debug|Any CPU.ActiveCfg = Debug|Any CPU
		{2839689A-C523-4A92-9635-E1D58531324D}.Debug|Any CPU.Build.0 = Debug|Any CPU
		{2839689A-C523-4A92-9635-E1D58531324D}.Release|Any CPU.ActiveCfg = Release|Any CPU
		{2839689A-C523-4A92-9635-E1D58531324D}.Release|Any CPU.Build.0 = Release|Any CPU
		{8E55AD15-30E6-40A3-855C-7F18AB84D8D7}.Debug|Any CPU.ActiveCfg = Debug|Any CPU
		{8E55AD15-30E6-40A3-855C-7F18AB84D8D7}.Debug|Any CPU.Build.0 = Debug|Any CPU
		{8E55AD15-30E6-40A3-855C-7F18AB84D8D7}.Release|Any CPU.ActiveCfg = Release|Any CPU
		{8E55AD15-30E6-40A3-855C-7F18AB84D8D7}.Release|Any CPU.Build.0 = Release|Any CPU
	EndGlobalSection
	GlobalSection(SolutionProperties) = preSolution
		HideSolutionNode = FALSE
	EndGlobalSection
	GlobalSection(ExtensibilityGlobals) = postSolution
		SolutionGuid = {21928615-9087-45A3-9CEE-EBE621234FE6}
	EndGlobalSection
EndGlobal
